
Microsoft Visual Studio Solution File, Format Version 12.00
# Visual Studio 15
VisualStudioVersion = 15.0.28307.329
MinimumVisualStudioVersion = 10.0.40219.1
Project("{FAE04EC0-301F-11D3-BF4B-00C04F79EFBC}") = "SMSTool", "SMSTool\SMSTool.csproj", "{3E222480-0215-4AE0-AD0F-4BCD56D7E59E}"
EndProject
Global
	GlobalSection(SolutionConfigurationPlatforms) = preSolution
		Debug|Any CPU = Debug|Any CPU
		Release|Any CPU = Release|Any CPU
	EndGlobalSection
	GlobalSection(ProjectConfigurationPlatforms) = postSolution
		{3E222480-0215-4AE0-AD0F-4BCD56D7E59E}.Debug|Any CPU.ActiveCfg = Debug|Any CPU
		{3E222480-0215-4AE0-AD0F-4BCD56D7E59E}.Debug|Any CPU.Build.0 = Debug|Any CPU
		{3E222480-0215-4AE0-AD0F-4BCD56D7E59E}.Release|Any CPU.ActiveCfg = Release|Any CPU
		{3E222480-0215-4AE0-AD0F-4BCD56D7E59E}.Release|Any CPU.Build.0 = Release|Any CPU
	EndGlobalSection
	GlobalSection(SolutionProperties) = preSolution
		HideSolutionNode = FALSE
	EndGlobalSection
	GlobalSection(ExtensibilityGlobals) = postSolution
		SolutionGuid = {E139439A-201D-4B84-A397-DF90EACB7E67}
	EndGlobalSection
EndGlobal
